// !$*UTF8*$!
{
	archiveVersion = 1;
	classes = {
	};
	objectVersion = 56;
	objects = {

/* Begin PBXBuildFile section */
		246751BC2A72D68D0067C6DB /* AppDelegate.swift in Sources */ = {isa = PBXBuildFile; fileRef = 246751BB2A72D68D0067C6DB /* AppDelegate.swift */; };
		246751BE2A72D68D0067C6DB /* SceneDelegate.swift in Sources */ = {isa = PBXBuildFile; fileRef = 246751BD2A72D68D0067C6DB /* SceneDelegate.swift */; };
		246751C02A72D68D0067C6DB /* ViewController.swift in Sources */ = {isa = PBXBuildFile; fileRef = 246751BF2A72D68D0067C6DB /* ViewController.swift */; };
		246751C32A72D68D0067C6DB /* Main.storyboard in Resources */ = {isa = PBXBuildFile; fileRef = 246751C12A72D68D0067C6DB /* Main.storyboard */; };
		246751C52A72D68F0067C6DB /* Assets.xcassets in Resources */ = {isa = PBXBuildFile; fileRef = 246751C42A72D68F0067C6DB /* Assets.xcassets */; };
		246751C82A72D68F0067C6DB /* LaunchScreen.storyboard in Resources */ = {isa = PBXBuildFile; fileRef = 246751C62A72D68F0067C6DB /* LaunchScreen.storyboard */; };
		246751D22A72D7990067C6DB /* Story.swift in Sources */ = {isa = PBXBuildFile; fileRef = 246751D12A72D7990067C6DB /* Story.swift */; };
		246751D52A72D7DE0067C6DB /* StoryBrain.swift in Sources */ = {isa = PBXBuildFile; fileRef = 246751D42A72D7DE0067C6DB /* StoryBrain.swift */; };
/* End PBXBuildFile section */

/* Begin PBXFileReference section */
		246751B82A72D68D0067C6DB /* Destini.app */ = {isa = PBXFileReference; explicitFileType = wrapper.application; includeInIndex = 0; path = Destini.app; sourceTree = BUILT_PRODUCTS_DIR; };
		246751BB2A72D68D0067C6DB /* AppDelegate.swift */ = {isa = PBXFileReference; lastKnownFileType = sourcecode.swift; path = AppDelegate.swift; sourceTree = "<group>"; };
		246751BD2A72D68D0067C6DB /* SceneDelegate.swift */ = {isa = PBXFileReference; lastKnownFileType = sourcecode.swift; path = SceneDelegate.swift; sourceTree = "<group>"; };
		246751BF2A72D68D0067C6DB /* ViewController.swift */ = {isa = PBXFileReference; lastKnownFileType = sourcecode.swift; path = ViewController.swift; sourceTree = "<group>"; };
		246751C22A72D68D0067C6DB /* Base */ = {isa = PBXFileReference; lastKnownFileType = file.storyboard; name = Base; path = Base.lproj/Main.storyboard; sourceTree = "<group>"; };
		246751C42A72D68F0067C6DB /* Assets.xcassets */ = {isa = PBXFileReference; lastKnownFileType = folder.assetcatalog; path = Assets.xcassets; sourceTree = "<group>"; };
		246751C72A72D68F0067C6DB /* Base */ = {isa = PBXFileReference; lastKnownFileType = file.storyboard; name = Base; path = Base.lproj/LaunchScreen.storyboard; sourceTree = "<group>"; };
		246751C92A72D68F0067C6DB /* Info.plist */ = {isa = PBXFileReference; lastKnownFileType = text.plist.xml; path = Info.plist; sourceTree = "<group>"; };
		246751D12A72D7990067C6DB /* Story.swift */ = {isa = PBXFileReference; lastKnownFileType = sourcecode.swift; path = Story.swift; sourceTree = "<group>"; };
		246751D42A72D7DE0067C6DB /* StoryBrain.swift */ = {isa = PBXFileReference; lastKnownFileType = sourcecode.swift; path = StoryBrain.swift; sourceTree = "<group>"; };
/* End PBXFileReference section */

/* Begin PBXFrameworksBuildPhase section */
		246751B52A72D68D0067C6DB /* Frameworks */ = {
			isa = PBXFrameworksBuildPhase;
			buildActionMask = 2147483647;
			files = (
			);
			runOnlyForDeploymentPostprocessing = 0;
		};
/* End PBXFrameworksBuildPhase section */

/* Begin PBXGroup section */
		246751AF2A72D68D0067C6DB = {
			isa = PBXGroup;
			children = (
				246751BA2A72D68D0067C6DB /* Destini */,
				246751B92A72D68D0067C6DB /* Products */,
			);
			sourceTree = "<group>";
		};
		246751B92A72D68D0067C6DB /* Products */ = {
			isa = PBXGroup;
			children = (
				246751B82A72D68D0067C6DB /* Destini.app */,
			);
			name = Products;
			sourceTree = "<group>";
		};
		246751BA2A72D68D0067C6DB /* Destini */ = {
			isa = PBXGroup;
			children = (
				246751BB2A72D68D0067C6DB /* AppDelegate.swift */,
				246751BD2A72D68D0067C6DB /* SceneDelegate.swift */,
				246751D32A72D7AC0067C6DB /* Model */,
				246751CF2A72D7320067C6DB /* View */,
				246751D02A72D7610067C6DB /* Controller */,
				246751C42A72D68F0067C6DB /* Assets.xcassets */,
				246751C62A72D68F0067C6DB /* LaunchScreen.storyboard */,
				246751C92A72D68F0067C6DB /* Info.plist */,
			);
			path = Destini;
			sourceTree = "<group>";
		};
		246751CF2A72D7320067C6DB /* View */ = {
			isa = PBXGroup;
			children = (
				246751C12A72D68D0067C6DB /* Main.storyboard */,
			);
			path = View;
			sourceTree = "<group>";
		};
		246751D02A72D7610067C6DB /* Controller */ = {
			isa = PBXGroup;
			children = (
				246751BF2A72D68D0067C6DB /* ViewController.swift */,
			);
			path = Controller;
			sourceTree = "<group>";
		};
		246751D32A72D7AC0067C6DB /* Model */ = {
			isa = PBXGroup;
			children = (
				246751D12A72D7990067C6DB /* Story.swift */,
				246751D42A72D7DE0067C6DB /* StoryBrain.swift */,
			);
			path = Model;
			sourceTree = "<group>";
		};
/* End PBXGroup section */

/* Begin PBXNativeTarget section */
		246751B72A72D68D0067C6DB /* Destini */ = {
			isa = PBXNativeTarget;
			buildConfigurationList = 246751CC2A72D68F0067C6DB /* Build configuration list for PBXNativeTarget "Destini" */;
			buildPhases = (
				246751B42A72D68D0067C6DB /* Sources */,
				246751B52A72D68D0067C6DB /* Frameworks */,
				246751B62A72D68D0067C6DB /* Resources */,
			);
			buildRules = (
			);
			dependencies = (
			);
			name = Destini;
			productName = Destini;
			productReference = 246751B82A72D68D0067C6DB /* Destini.app */;
			productType = "com.apple.product-type.application";
		};
/* End PBXNativeTarget section */

/* Begin PBXProject section */
		246751B02A72D68D0067C6DB /* Project object */ = {
			isa = PBXProject;
			attributes = {
				BuildIndependentTargetsInParallel = 1;
				LastSwiftUpdateCheck = 1430;
				LastUpgradeCheck = 1430;
				TargetAttributes = {
					246751B72A72D68D0067C6DB = {
						CreatedOnToolsVersion = 14.3.1;
					};
				};
			};
			buildConfigurationList = 246751B32A72D68D0067C6DB /* Build configuration list for PBXProject "Destini" */;
			compatibilityVersion = "Xcode 14.0";
			developmentRegion = en;
			hasScannedForEncodings = 0;
			knownRegions = (
				en,
				Base,
			);
			mainGroup = 246751AF2A72D68D0067C6DB;
			productRefGroup = 246751B92A72D68D0067C6DB /* Products */;
			projectDirPath = "";
			projectRoot = "";
			targets = (
				246751B72A72D68D0067C6DB /* Destini */,
			);
		};
/* End PBXProject section */

/* Begin PBXResourcesBuildPhase section */
		246751B62A72D68D0067C6DB /* Resources */ = {
			isa = PBXResourcesBuildPhase;
			buildActionMask = 2147483647;
			files = (
				246751C82A72D68F0067C6DB /* LaunchScreen.storyboard in Resources */,
				246751C52A72D68F0067C6DB /* Assets.xcassets in Resources */,
				246751C32A72D68D0067C6DB /* Main.storyboard in Resources */,
			);
			runOnlyForDeploymentPostprocessing = 0;
		};
/* End PBXResourcesBuildPhase section */

/* Begin PBXSourcesBuildPhase section */
		246751B42A72D68D0067C6DB /* Sources */ = {
			isa = PBXSourcesBuildPhase;
			buildActionMask = 2147483647;
			files = (
				246751D52A72D7DE0067C6DB /* StoryBrain.swift in Sources */,
				246751C02A72D68D0067C6DB /* ViewController.swift in Sources */,
				246751BC2A72D68D0067C6DB /* AppDelegate.swift in Sources */,
				246751BE2A72D68D0067C6DB /* SceneDelegate.swift in Sources */,
				246751D22A72D7990067C6DB /* Story.swift in Sources */,
			);
			runOnlyForDeploymentPostprocessing = 0;
		};
/* End PBXSourcesBuildPhase section */

/* Begin PBXVariantGroup section */
		246751C12A72D68D0067C6DB /* Main.storyboard */ = {
			isa = PBXVariantGroup;
			children = (
				246751C22A72D68D0067C6DB /* Base */,
			);
			name = Main.storyboard;
			sourceTree = "<group>";
		};
		246751C62A72D68F0067C6DB /* LaunchScreen.storyboard */ = {
			isa = PBXVariantGroup;
			children = (
				246751C72A72D68F0067C6DB /* Base */,
			);
			name = LaunchScreen.storyboard;
			sourceTree = "<group>";
		};
/* End PBXVariantGroup section */

/* Begin XCBuildConfiguration section */
		246751CA2A72D68F0067C6DB /* Debug */ = {
			isa = XCBuildConfiguration;
			buildSettings = {
				ALWAYS_SEARCH_USER_PATHS = NO;
				CLANG_ANALYZER_NONNULL = YES;
				CLANG_ANALYZER_NUMBER_OBJECT_CONVERSION = YES_AGGRESSIVE;
				CLANG_CXX_LANGUAGE_STANDARD = "gnu++20";
				CLANG_ENABLE_MODULES = YES;
				CLANG_ENABLE_OBJC_ARC = YES;
				CLANG_ENABLE_OBJC_WEAK = YES;
				CLANG_WARN_BLOCK_CAPTURE_AUTORELEASING = YES;
				CLANG_WARN_BOOL_CONVERSION = YES;
				CLANG_WARN_COMMA = YES;
				CLANG_WARN_CONSTANT_CONVERSION = YES;
				CLANG_WARN_DEPRECATED_OBJC_IMPLEMENTATIONS = YES;
				CLANG_WARN_DIRECT_OBJC_ISA_USAGE = YES_ERROR;
				CLANG_WARN_DOCUMENTATION_COMMENTS = YES;
				CLANG_WARN_EMPTY_BODY = YES;
				CLANG_WARN_ENUM_CONVERSION = YES;
				CLANG_WARN_INFINITE_RECURSION = YES;
				CLANG_WARN_INT_CONVERSION = YES;
				CLANG_WARN_NON_LITERAL_NULL_CONVERSION = YES;
				CLANG_WARN_OBJC_IMPLICIT_RETAIN_SELF = YES;
				CLANG_WARN_OBJC_LITERAL_CONVERSION = YES;
				CLANG_WARN_OBJC_ROOT_CLASS = YES_ERROR;
				CLANG_WARN_QUOTED_INCLUDE_IN_FRAMEWORK_HEADER = YES;
				CLANG_WARN_RANGE_LOOP_ANALYSIS = YES;
				CLANG_WARN_STRICT_PROTOTYPES = YES;
				CLANG_WARN_SUSPICIOUS_MOVE = YES;
				CLANG_WARN_UNGUARDED_AVAILABILITY = YES_AGGRESSIVE;
				CLANG_WARN_UNREACHABLE_CODE = YES;
				CLANG_WARN__DUPLICATE_METHOD_MATCH = YES;
				COPY_PHASE_STRIP = NO;
				DEBUG_INFORMATION_FORMAT = dwarf;
				ENABLE_STRICT_OBJC_MSGSEND = YES;
				ENABLE_TESTABILITY = YES;
				GCC_C_LANGUAGE_STANDARD = gnu11;
				GCC_DYNAMIC_NO_PIC = NO;
				GCC_NO_COMMON_BLOCKS = YES;
				GCC_OPTIMIZATION_LEVEL = 0;
				GCC_PREPROCESSOR_DEFINITIONS = (
					"DEBUG=1",
					"$(inherited)",
				);
				GCC_WARN_64_TO_32_BIT_CONVERSION = YES;
				GCC_WARN_ABOUT_RETURN_TYPE = YES_ERROR;
				GCC_WARN_UNDECLARED_SELECTOR = YES;
				GCC_WARN_UNINITIALIZED_AUTOS = YES_AGGRESSIVE;
				GCC_WARN_UNUSED_FUNCTION = YES;
				GCC_WARN_UNUSED_VARIABLE = YES;
				IPHONEOS_DEPLOYMENT_TARGET = 16.4;
				MTL_ENABLE_DEBUG_INFO = INCLUDE_SOURCE;
				MTL_FAST_MATH = YES;
				ONLY_ACTIVE_ARCH = YES;
				SDKROOT = iphoneos;
				SWIFT_ACTIVE_COMPILATION_CONDITIONS = DEBUG;
				SWIFT_OPTIMIZATION_LEVEL = "-Onone";
			};
			name = Debug;
		};
		246751CB2A72D68F0067C6DB /* Release */ = {
			isa = XCBuildConfiguration;
			buildSettings = {
				ALWAYS_SEARCH_USER_PATHS = NO;
				CLANG_ANALYZER_NONNULL = YES;
				CLANG_ANALYZER_NUMBER_OBJECT_CONVERSION = YES_AGGRESSIVE;
				CLANG_CXX_LANGUAGE_STANDARD = "gnu++20";
				CLANG_ENABLE_MODULES = YES;
				CLANG_ENABLE_OBJC_ARC = YES;
				CLANG_ENABLE_OBJC_WEAK = YES;
				CLANG_WARN_BLOCK_CAPTURE_AUTORELEASING = YES;
				CLANG_WARN_BOOL_CONVERSION = YES;
				CLANG_WARN_COMMA = YES;
				CLANG_WARN_CONSTANT_CONVERSION = YES;
				CLANG_WARN_DEPRECATED_OBJC_IMPLEMENTATIONS = YES;
				CLANG_WARN_DIRECT_OBJC_ISA_USAGE = YES_ERROR;
				CLANG_WARN_DOCUMENTATION_COMMENTS = YES;
				CLANG_WARN_EMPTY_BODY = YES;
				CLANG_WARN_ENUM_CONVERSION = YES;
				CLANG_WARN_INFINITE_RECURSION = YES;
				CLANG_WARN_INT_CONVERSION = YES;
				CLANG_WARN_NON_LITERAL_NULL_CONVERSION = YES;
				CLANG_WARN_OBJC_IMPLICIT_RETAIN_SELF = YES;
				CLANG_WARN_OBJC_LITERAL_CONVERSION = YES;
				CLANG_WARN_OBJC_ROOT_CLASS = YES_ERROR;
				CLANG_WARN_QUOTED_INCLUDE_IN_FRAMEWORK_HEADER = YES;
				CLANG_WARN_RANGE_LOOP_ANALYSIS = YES;
				CLANG_WARN_STRICT_PROTOTYPES = YES;
				CLANG_WARN_SUSPICIOUS_MOVE = YES;
				CLANG_WARN_UNGUARDED_AVAILABILITY = YES_AGGRESSIVE;
				CLANG_WARN_UNREACHABLE_CODE = YES;
				CLANG_WARN__DUPLICATE_METHOD_MATCH = YES;
				COPY_PHASE_STRIP = NO;
				DEBUG_INFORMATION_FORMAT = "dwarf-with-dsym";
				ENABLE_NS_ASSERTIONS = NO;
				ENABLE_STRICT_OBJC_MSGSEND = YES;
				GCC_C_LANGUAGE_STANDARD = gnu11;
				GCC_NO_COMMON_BLOCKS = YES;
				GCC_WARN_64_TO_32_BIT_CONVERSION = YES;
				GCC_WARN_ABOUT_RETURN_TYPE = YES_ERROR;
				GCC_WARN_UNDECLARED_SELECTOR = YES;
				GCC_WARN_UNINITIALIZED_AUTOS = YES_AGGRESSIVE;
				GCC_WARN_UNUSED_FUNCTION = YES;
				GCC_WARN_UNUSED_VARIABLE = YES;
				IPHONEOS_DEPLOYMENT_TARGET = 16.4;
				MTL_ENABLE_DEBUG_INFO = NO;
				MTL_FAST_MATH = YES;
				SDKROOT = iphoneos;
				SWIFT_COMPILATION_MODE = wholemodule;
				SWIFT_OPTIMIZATION_LEVEL = "-O";
				VALIDATE_PRODUCT = YES;
			};
			name = Release;
		};
		246751CD2A72D68F0067C6DB /* Debug */ = {
			isa = XCBuildConfiguration;
			buildSettings = {
				ASSETCATALOG_COMPILER_APPICON_NAME = AppIcon;
				ASSETCATALOG_COMPILER_GLOBAL_ACCENT_COLOR_NAME = AccentColor;
				CODE_SIGN_STYLE = Automatic;
				CURRENT_PROJECT_VERSION = 1;
				DEVELOPMENT_TEAM = 2MKN66GATH;
				GENERATE_INFOPLIST_FILE = YES;
				INFOPLIST_FILE = Destini/Info.plist;
				INFOPLIST_KEY_UIApplicationSupportsIndirectInputEvents = YES;
				INFOPLIST_KEY_UILaunchStoryboardName = LaunchScreen;
				INFOPLIST_KEY_UIMainStoryboardFile = Main;
				INFOPLIST_KEY_UISupportedInterfaceOrientations_iPad = "UIInterfaceOrientationPortrait UIInterfaceOrientationPortraitUpsideDown UIInterfaceOrientationLandscapeLeft UIInterfaceOrientationLandscapeRight";
				INFOPLIST_KEY_UISupportedInterfaceOrientations_iPhone = "UIInterfaceOrientationPortrait UIInterfaceOrientationLandscapeLeft UIInterfaceOrientationLandscapeRight";
				IPHONEOS_DEPLOYMENT_TARGET = 13.0;
				LD_RUNPATH_SEARCH_PATHS = (
					"$(inherited)",
					"@executable_path/Frameworks",
				);
				MARKETING_VERSION = 1.0;
				PRODUCT_BUNDLE_IDENTIFIER = com.genilsonDC.Destini;
				PRODUCT_NAME = "$(TARGET_NAME)";
				SUPPORTED_PLATFORMS = "iphoneos iphonesimulator";
				SUPPORTS_MACCATALYST = NO;
				SUPPORTS_MAC_DESIGNED_FOR_IPHONE_IPAD = NO;
				SWIFT_EMIT_LOC_STRINGS = YES;
				SWIFT_VERSION = 5.0;
				TARGETED_DEVICE_FAMILY = "1,2";
			};
			name = Debug;
		};
		246751CE2A72D68F0067C6DB /* Release */ = {
			isa = XCBuildConfiguration;
			buildSettings = {
				ASSETCATALOG_COMPILER_APPICON_NAME = AppIcon;
				ASSETCATALOG_COMPILER_GLOBAL_ACCENT_COLOR_NAME = AccentColor;
				CODE_SIGN_STYLE = Automatic;
				CURRENT_PROJECT_VERSION = 1;
				DEVELOPMENT_TEAM = 2MKN66GATH;
				GENERATE_INFOPLIST_FILE = YES;
				INFOPLIST_FILE = Destini/Info.plist;
				INFOPLIST_KEY_UIApplicationSupportsIndirectInputEvents = YES;
				INFOPLIST_KEY_UILaunchStoryboardName = LaunchScreen;
				INFOPLIST_KEY_UIMainStoryboardFile = Main;
				INFOPLIST_KEY_UISupportedInterfaceOrientations_iPad = "UIInterfaceOrientationPortrait UIInterfaceOrientationPortraitUpsideDown UIInterfaceOrientationLandscapeLeft UIInterfaceOrientationLandscapeRight";
				INFOPLIST_KEY_UISupportedInterfaceOrientations_iPhone = "UIInterfaceOrientationPortrait UIInterfaceOrientationLandscapeLeft UIInterfaceOrientationLandscapeRight";
				IPHONEOS_DEPLOYMENT_TARGET = 13.0;
				LD_RUNPATH_SEARCH_PATHS = (
					"$(inherited)",
					"@executable_path/Frameworks",
				);
				MARKETING_VERSION = 1.0;
				PRODUCT_BUNDLE_IDENTIFIER = com.genilsonDC.Destini;
				PRODUCT_NAME = "$(TARGET_NAME)";
				SUPPORTED_PLATFORMS = "iphoneos iphonesimulator";
				SUPPORTS_MACCATALYST = NO;
				SUPPORTS_MAC_DESIGNED_FOR_IPHONE_IPAD = NO;
				SWIFT_EMIT_LOC_STRINGS = YES;
				SWIFT_VERSION = 5.0;
				TARGETED_DEVICE_FAMILY = "1,2";
			};
			name = Release;
		};
/* End XCBuildConfiguration section */

/* Begin XCConfigurationList section */
		246751B32A72D68D0067C6DB /* Build configuration list for PBXProject "Destini" */ = {
			isa = XCConfigurationList;
			buildConfigurations = (
				246751CA2A72D68F0067C6DB /* Debug */,
				246751CB2A72D68F0067C6DB /* Release */,
			);
			defaultConfigurationIsVisible = 0;
			defaultConfigurationName = Release;
		};
		246751CC2A72D68F0067C6DB /* Build configuration list for PBXNativeTarget "Destini" */ = {
			isa = XCConfigurationList;
			buildConfigurations = (
				246751CD2A72D68F0067C6DB /* Debug */,
				246751CE2A72D68F0067C6DB /* Release */,
			);
			defaultConfigurationIsVisible = 0;
			defaultConfigurationName = Release;
		};
/* End XCConfigurationList section */
	};
	rootObject = 246751B02A72D68D0067C6DB /* Project object */;
}
